// !$*UTF8*$!
{
	archiveVersion = 1;
	classes = {
	};
	objectVersion = 55;
	objects = {

/* Begin PBXBuildFile section */
		3F4FD7E328FD026600E0AE20 /* Singleton.swift in Sources */ = {isa = PBXBuildFile; fileRef = 3F4FD7E228FD026600E0AE20 /* Singleton.swift */; };
		3F6C26A12907157600E39024 /* EditTableViewController.swift in Sources */ = {isa = PBXBuildFile; fileRef = 3F6C26A02907157600E39024 /* EditTableViewController.swift */; };
		3F6C26A72907175000E39024 /* NumQStore.swift in Sources */ = {isa = PBXBuildFile; fileRef = 3F6C26A62907175000E39024 /* NumQStore.swift */; };
		3F6C26A92907175900E39024 /* NumQ.swift in Sources */ = {isa = PBXBuildFile; fileRef = 3F6C26A82907175900E39024 /* NumQ.swift */; };
		3F6C26AB29076AAE00E39024 /* NumQCell.swift in Sources */ = {isa = PBXBuildFile; fileRef = 3F6C26AA29076AAE00E39024 /* NumQCell.swift */; };
		3FDA494228FA3EAC0009F397 /* AppDelegate.swift in Sources */ = {isa = PBXBuildFile; fileRef = 3FDA494128FA3EAC0009F397 /* AppDelegate.swift */; };
		3FDA494428FA3EAC0009F397 /* SceneDelegate.swift in Sources */ = {isa = PBXBuildFile; fileRef = 3FDA494328FA3EAC0009F397 /* SceneDelegate.swift */; };
		3FDA494628FA3EAC0009F397 /* McqViewController.swift in Sources */ = {isa = PBXBuildFile; fileRef = 3FDA494528FA3EAC0009F397 /* McqViewController.swift */; };
		3FDA494928FA3EAC0009F397 /* Main.storyboard in Resources */ = {isa = PBXBuildFile; fileRef = 3FDA494728FA3EAC0009F397 /* Main.storyboard */; };
		3FDA494B28FA3EAE0009F397 /* Assets.xcassets in Resources */ = {isa = PBXBuildFile; fileRef = 3FDA494A28FA3EAE0009F397 /* Assets.xcassets */; };
		3FDA494E28FA3EAE0009F397 /* LaunchScreen.storyboard in Resources */ = {isa = PBXBuildFile; fileRef = 3FDA494C28FA3EAE0009F397 /* LaunchScreen.storyboard */; };
		3FDA495928FA3EAF0009F397 /* Assignment1Tests.swift in Sources */ = {isa = PBXBuildFile; fileRef = 3FDA495828FA3EAF0009F397 /* Assignment1Tests.swift */; };
		3FDA496328FA3EAF0009F397 /* Assignment1UITests.swift in Sources */ = {isa = PBXBuildFile; fileRef = 3FDA496228FA3EAF0009F397 /* Assignment1UITests.swift */; };
		3FDA496528FA3EAF0009F397 /* Assignment1UITestsLaunchTests.swift in Sources */ = {isa = PBXBuildFile; fileRef = 3FDA496428FA3EAF0009F397 /* Assignment1UITestsLaunchTests.swift */; };
		3FDA497228FA4B980009F397 /* ScoreViewController.swift in Sources */ = {isa = PBXBuildFile; fileRef = 3FDA497128FA4B980009F397 /* ScoreViewController.swift */; };
		3FDA497628FA51440009F397 /* FillInBlankViewController.swift in Sources */ = {isa = PBXBuildFile; fileRef = 3FDA497528FA51440009F397 /* FillInBlankViewController.swift */; };
/* End PBXBuildFile section */

/* Begin PBXContainerItemProxy section */
		3FDA495528FA3EAF0009F397 /* PBXContainerItemProxy */ = {
			isa = PBXContainerItemProxy;
			containerPortal = 3FDA493628FA3EAC0009F397 /* Project object */;
			proxyType = 1;
			remoteGlobalIDString = 3FDA493D28FA3EAC0009F397;
			remoteInfo = Assignment1;
		};
		3FDA495F28FA3EAF0009F397 /* PBXContainerItemProxy */ = {
			isa = PBXContainerItemProxy;
			containerPortal = 3FDA493628FA3EAC0009F397 /* Project object */;
			proxyType = 1;
			remoteGlobalIDString = 3FDA493D28FA3EAC0009F397;
			remoteInfo = Assignment1;
		};
/* End PBXContainerItemProxy section */

/* Begin PBXFileReference section */
		3F4FD7E228FD026600E0AE20 /* Singleton.swift */ = {isa = PBXFileReference; lastKnownFileType = sourcecode.swift; path = Singleton.swift; sourceTree = "<group>"; };
		3F6C26A02907157600E39024 /* EditTableViewController.swift */ = {isa = PBXFileReference; lastKnownFileType = sourcecode.swift; path = EditTableViewController.swift; sourceTree = "<group>"; };
		3F6C26A62907175000E39024 /* NumQStore.swift */ = {isa = PBXFileReference; lastKnownFileType = sourcecode.swift; path = NumQStore.swift; sourceTree = "<group>"; };
		3F6C26A82907175900E39024 /* NumQ.swift */ = {isa = PBXFileReference; lastKnownFileType = sourcecode.swift; path = NumQ.swift; sourceTree = "<group>"; };
		3F6C26AA29076AAE00E39024 /* NumQCell.swift */ = {isa = PBXFileReference; lastKnownFileType = sourcecode.swift; path = NumQCell.swift; sourceTree = "<group>"; };
		3FDA493E28FA3EAC0009F397 /* Assignment1.app */ = {isa = PBXFileReference; explicitFileType = wrapper.application; includeInIndex = 0; path = Assignment1.app; sourceTree = BUILT_PRODUCTS_DIR; };
		3FDA494128FA3EAC0009F397 /* AppDelegate.swift */ = {isa = PBXFileReference; lastKnownFileType = sourcecode.swift; path = AppDelegate.swift; sourceTree = "<group>"; };
		3FDA494328FA3EAC0009F397 /* SceneDelegate.swift */ = {isa = PBXFileReference; lastKnownFileType = sourcecode.swift; path = SceneDelegate.swift; sourceTree = "<group>"; };
		3FDA494528FA3EAC0009F397 /* McqViewController.swift */ = {isa = PBXFileReference; lastKnownFileType = sourcecode.swift; path = McqViewController.swift; sourceTree = "<group>"; };
		3FDA494828FA3EAC0009F397 /* Base */ = {isa = PBXFileReference; lastKnownFileType = file.storyboard; name = Base; path = Base.lproj/Main.storyboard; sourceTree = "<group>"; };
		3FDA494A28FA3EAE0009F397 /* Assets.xcassets */ = {isa = PBXFileReference; lastKnownFileType = folder.assetcatalog; path = Assets.xcassets; sourceTree = "<group>"; };
		3FDA494D28FA3EAE0009F397 /* Base */ = {isa = PBXFileReference; lastKnownFileType = file.storyboard; name = Base; path = Base.lproj/LaunchScreen.storyboard; sourceTree = "<group>"; };
		3FDA494F28FA3EAE0009F397 /* Info.plist */ = {isa = PBXFileReference; lastKnownFileType = text.plist.xml; path = Info.plist; sourceTree = "<group>"; };
		3FDA495428FA3EAF0009F397 /* Assignment1Tests.xctest */ = {isa = PBXFileReference; explicitFileType = wrapper.cfbundle; includeInIndex = 0; path = Assignment1Tests.xctest; sourceTree = BUILT_PRODUCTS_DIR; };
		3FDA495828FA3EAF0009F397 /* Assignment1Tests.swift */ = {isa = PBXFileReference; lastKnownFileType = sourcecode.swift; path = Assignment1Tests.swift; sourceTree = "<group>"; };
		3FDA495E28FA3EAF0009F397 /* Assignment1UITests.xctest */ = {isa = PBXFileReference; explicitFileType = wrapper.cfbundle; includeInIndex = 0; path = Assignment1UITests.xctest; sourceTree = BUILT_PRODUCTS_DIR; };
		3FDA496228FA3EAF0009F397 /* Assignment1UITests.swift */ = {isa = PBXFileReference; lastKnownFileType = sourcecode.swift; path = Assignment1UITests.swift; sourceTree = "<group>"; };
		3FDA496428FA3EAF0009F397 /* Assignment1UITestsLaunchTests.swift */ = {isa = PBXFileReference; lastKnownFileType = sourcecode.swift; path = Assignment1UITestsLaunchTests.swift; sourceTree = "<group>"; };
		3FDA497128FA4B980009F397 /* ScoreViewController.swift */ = {isa = PBXFileReference; lastKnownFileType = sourcecode.swift; path = ScoreViewController.swift; sourceTree = "<group>"; };
		3FDA497528FA51440009F397 /* FillInBlankViewController.swift */ = {isa = PBXFileReference; lastKnownFileType = sourcecode.swift; path = FillInBlankViewController.swift; sourceTree = "<group>"; };
/* End PBXFileReference section */

/* Begin PBXFrameworksBuildPhase section */
		3FDA493B28FA3EAC0009F397 /* Frameworks */ = {
			isa = PBXFrameworksBuildPhase;
			buildActionMask = 2147483647;
			files = (
			);
			runOnlyForDeploymentPostprocessing = 0;
		};
		3FDA495128FA3EAF0009F397 /* Frameworks */ = {
			isa = PBXFrameworksBuildPhase;
			buildActionMask = 2147483647;
			files = (
			);
			runOnlyForDeploymentPostprocessing = 0;
		};
		3FDA495B28FA3EAF0009F397 /* Frameworks */ = {
			isa = PBXFrameworksBuildPhase;
			buildActionMask = 2147483647;
			files = (
			);
			runOnlyForDeploymentPostprocessing = 0;
		};
/* End PBXFrameworksBuildPhase section */

/* Begin PBXGroup section */
		3FDA493528FA3EAC0009F397 = {
			isa = PBXGroup;
			children = (
				3FDA494028FA3EAC0009F397 /* Assignment1 */,
				3FDA495728FA3EAF0009F397 /* Assignment1Tests */,
				3FDA496128FA3EAF0009F397 /* Assignment1UITests */,
				3FDA493F28FA3EAC0009F397 /* Products */,
			);
			sourceTree = "<group>";
		};
		3FDA493F28FA3EAC0009F397 /* Products */ = {
			isa = PBXGroup;
			children = (
				3FDA493E28FA3EAC0009F397 /* Assignment1.app */,
				3FDA495428FA3EAF0009F397 /* Assignment1Tests.xctest */,
				3FDA495E28FA3EAF0009F397 /* Assignment1UITests.xctest */,
			);
			name = Products;
			sourceTree = "<group>";
		};
		3FDA494028FA3EAC0009F397 /* Assignment1 */ = {
			isa = PBXGroup;
			children = (
				3F4FD7E228FD026600E0AE20 /* Singleton.swift */,
				3FDA497128FA4B980009F397 /* ScoreViewController.swift */,
				3FDA494128FA3EAC0009F397 /* AppDelegate.swift */,
				3FDA494328FA3EAC0009F397 /* SceneDelegate.swift */,
				3FDA494528FA3EAC0009F397 /* McqViewController.swift */,
				3FDA497528FA51440009F397 /* FillInBlankViewController.swift */,
				3FDA494728FA3EAC0009F397 /* Main.storyboard */,
				3FDA494A28FA3EAE0009F397 /* Assets.xcassets */,
				3FDA494C28FA3EAE0009F397 /* LaunchScreen.storyboard */,
				3FDA494F28FA3EAE0009F397 /* Info.plist */,
				3F6C26A02907157600E39024 /* EditTableViewController.swift */,
				3F6C26A62907175000E39024 /* NumQStore.swift */,
				3F6C26A82907175900E39024 /* NumQ.swift */,
				3F6C26AA29076AAE00E39024 /* NumQCell.swift */,
			);
			path = Assignment1;
			sourceTree = "<group>";
		};
		3FDA495728FA3EAF0009F397 /* Assignment1Tests */ = {
			isa = PBXGroup;
			children = (
				3FDA495828FA3EAF0009F397 /* Assignment1Tests.swift */,
			);
			path = Assignment1Tests;
			sourceTree = "<group>";
		};
		3FDA496128FA3EAF0009F397 /* Assignment1UITests */ = {
			isa = PBXGroup;
			children = (
				3FDA496228FA3EAF0009F397 /* Assignment1UITests.swift */,
				3FDA496428FA3EAF0009F397 /* Assignment1UITestsLaunchTests.swift */,
			);
			path = Assignment1UITests;
			sourceTree = "<group>";
		};
/* End PBXGroup section */

/* Begin PBXNativeTarget section */
		3FDA493D28FA3EAC0009F397 /* Assignment1 */ = {
			isa = PBXNativeTarget;
			buildConfigurationList = 3FDA496828FA3EAF0009F397 /* Build configuration list for PBXNativeTarget "Assignment1" */;
			buildPhases = (
				3FDA493A28FA3EAC0009F397 /* Sources */,
				3FDA493B28FA3EAC0009F397 /* Frameworks */,
				3FDA493C28FA3EAC0009F397 /* Resources */,
			);
			buildRules = (
			);
			dependencies = (
			);
			name = Assignment1;
			productName = Assignment1;
			productReference = 3FDA493E28FA3EAC0009F397 /* Assignment1.app */;
			productType = "com.apple.product-type.application";
		};
		3FDA495328FA3EAF0009F397 /* Assignment1Tests */ = {
			isa = PBXNativeTarget;
			buildConfigurationList = 3FDA496B28FA3EAF0009F397 /* Build configuration list for PBXNativeTarget "Assignment1Tests" */;
			buildPhases = (
				3FDA495028FA3EAF0009F397 /* Sources */,
				3FDA495128FA3EAF0009F397 /* Frameworks */,
				3FDA495228FA3EAF0009F397 /* Resources */,
			);
			buildRules = (
			);
			dependencies = (
				3FDA495628FA3EAF0009F397 /* PBXTargetDependency */,
			);
			name = Assignment1Tests;
			productName = Assignment1Tests;
			productReference = 3FDA495428FA3EAF0009F397 /* Assignment1Tests.xctest */;
			productType = "com.apple.product-type.bundle.unit-test";
		};
		3FDA495D28FA3EAF0009F397 /* Assignment1UITests */ = {
			isa = PBXNativeTarget;
			buildConfigurationList = 3FDA496E28FA3EAF0009F397 /* Build configuration list for PBXNativeTarget "Assignment1UITests" */;
			buildPhases = (
				3FDA495A28FA3EAF0009F397 /* Sources */,
				3FDA495B28FA3EAF0009F397 /* Frameworks */,
				3FDA495C28FA3EAF0009F397 /* Resources */,
			);
			buildRules = (
			);
			dependencies = (
				3FDA496028FA3EAF0009F397 /* PBXTargetDependency */,
			);
			name = Assignment1UITests;
			productName = Assignment1UITests;
			productReference = 3FDA495E28FA3EAF0009F397 /* Assignment1UITests.xctest */;
			productType = "com.apple.product-type.bundle.ui-testing";
		};
/* End PBXNativeTarget section */

/* Begin PBXProject section */
		3FDA493628FA3EAC0009F397 /* Project object */ = {
			isa = PBXProject;
			attributes = {
				BuildIndependentTargetsInParallel = 1;
				LastSwiftUpdateCheck = 1330;
				LastUpgradeCheck = 1330;
				TargetAttributes = {
					3FDA493D28FA3EAC0009F397 = {
						CreatedOnToolsVersion = 13.3;
					};
					3FDA495328FA3EAF0009F397 = {
						CreatedOnToolsVersion = 13.3;
						TestTargetID = 3FDA493D28FA3EAC0009F397;
					};
					3FDA495D28FA3EAF0009F397 = {
						CreatedOnToolsVersion = 13.3;
						TestTargetID = 3FDA493D28FA3EAC0009F397;
					};
				};
			};
			buildConfigurationList = 3FDA493928FA3EAC0009F397 /* Build configuration list for PBXProject "Assignment1" */;
			compatibilityVersion = "Xcode 13.0";
			developmentRegion = en;
			hasScannedForEncodings = 0;
			knownRegions = (
				en,
				Base,
			);
			mainGroup = 3FDA493528FA3EAC0009F397;
			productRefGroup = 3FDA493F28FA3EAC0009F397 /* Products */;
			projectDirPath = "";
			projectRoot = "";
			targets = (
				3FDA493D28FA3EAC0009F397 /* Assignment1 */,
				3FDA495328FA3EAF0009F397 /* Assignment1Tests */,
				3FDA495D28FA3EAF0009F397 /* Assignment1UITests */,
			);
		};
/* End PBXProject section */

/* Begin PBXResourcesBuildPhase section */
		3FDA493C28FA3EAC0009F397 /* Resources */ = {
			isa = PBXResourcesBuildPhase;
			buildActionMask = 2147483647;
			files = (
				3FDA494E28FA3EAE0009F397 /* LaunchScreen.storyboard in Resources */,
				3FDA494B28FA3EAE0009F397 /* Assets.xcassets in Resources */,
				3FDA494928FA3EAC0009F397 /* Main.storyboard in Resources */,
			);
			runOnlyForDeploymentPostprocessing = 0;
		};
		3FDA495228FA3EAF0009F397 /* Resources */ = {
			isa = PBXResourcesBuildPhase;
			buildActionMask = 2147483647;
			files = (
			);
			runOnlyForDeploymentPostprocessing = 0;
		};
		3FDA495C28FA3EAF0009F397 /* Resources */ = {
			isa = PBXResourcesBuildPhase;
			buildActionMask = 2147483647;
			files = (
			);
			runOnlyForDeploymentPostprocessing = 0;
		};
/* End PBXResourcesBuildPhase section */

/* Begin PBXSourcesBuildPhase section */
		3FDA493A28FA3EAC0009F397 /* Sources */ = {
			isa = PBXSourcesBuildPhase;
			buildActionMask = 2147483647;
			files = (
				3F6C26AB29076AAE00E39024 /* NumQCell.swift in Sources */,
				3F6C26A72907175000E39024 /* NumQStore.swift in Sources */,
				3FDA494628FA3EAC0009F397 /* McqViewController.swift in Sources */,
				3F4FD7E328FD026600E0AE20 /* Singleton.swift in Sources */,
				3F6C26A92907175900E39024 /* NumQ.swift in Sources */,
				3FDA497628FA51440009F397 /* FillInBlankViewController.swift in Sources */,
				3F6C26A12907157600E39024 /* EditTableViewController.swift in Sources */,
				3FDA494228FA3EAC0009F397 /* AppDelegate.swift in Sources */,
				3FDA494428FA3EAC0009F397 /* SceneDelegate.swift in Sources */,
				3FDA497228FA4B980009F397 /* ScoreViewController.swift in Sources */,
			);
			runOnlyForDeploymentPostprocessing = 0;
		};
		3FDA495028FA3EAF0009F397 /* Sources */ = {
			isa = PBXSourcesBuildPhase;
			buildActionMask = 2147483647;
			files = (
				3FDA495928FA3EAF0009F397 /* Assignment1Tests.swift in Sources */,
			);
			runOnlyForDeploymentPostprocessing = 0;
		};
		3FDA495A28FA3EAF0009F397 /* Sources */ = {
			isa = PBXSourcesBuildPhase;
			buildActionMask = 2147483647;
			files = (
				3FDA496328FA3EAF0009F397 /* Assignment1UITests.swift in Sources */,
				3FDA496528FA3EAF0009F397 /* Assignment1UITestsLaunchTests.swift in Sources */,
			);
			runOnlyForDeploymentPostprocessing = 0;
		};
/* End PBXSourcesBuildPhase section */

/* Begin PBXTargetDependency section */
		3FDA495628FA3EAF0009F397 /* PBXTargetDependency */ = {
			isa = PBXTargetDependency;
			target = 3FDA493D28FA3EAC0009F397 /* Assignment1 */;
			targetProxy = 3FDA495528FA3EAF0009F397 /* PBXContainerItemProxy */;
		};
		3FDA496028FA3EAF0009F397 /* PBXTargetDependency */ = {
			isa = PBXTargetDependency;
			target = 3FDA493D28FA3EAC0009F397 /* Assignment1 */;
			targetProxy = 3FDA495F28FA3EAF0009F397 /* PBXContainerItemProxy */;
		};
/* End PBXTargetDependency section */

/* Begin PBXVariantGroup section */
		3FDA494728FA3EAC0009F397 /* Main.storyboard */ = {
			isa = PBXVariantGroup;
			children = (
				3FDA494828FA3EAC0009F397 /* Base */,
			);
			name = Main.storyboard;
			sourceTree = "<group>";
		};
		3FDA494C28FA3EAE0009F397 /* LaunchScreen.storyboard */ = {
			isa = PBXVariantGroup;
			children = (
				3FDA494D28FA3EAE0009F397 /* Base */,
			);
			name = LaunchScreen.storyboard;
			sourceTree = "<group>";
		};
/* End PBXVariantGroup section */

/* Begin XCBuildConfiguration section */
		3FDA496628FA3EAF0009F397 /* Debug */ = {
			isa = XCBuildConfiguration;
			buildSettings = {
				ALWAYS_SEARCH_USER_PATHS = NO;
				CLANG_ANALYZER_NONNULL = YES;
				CLANG_ANALYZER_NUMBER_OBJECT_CONVERSION = YES_AGGRESSIVE;
				CLANG_CXX_LANGUAGE_STANDARD = "gnu++17";
				CLANG_ENABLE_MODULES = YES;
				CLANG_ENABLE_OBJC_ARC = YES;
				CLANG_ENABLE_OBJC_WEAK = YES;
				CLANG_WARN_BLOCK_CAPTURE_AUTORELEASING = YES;
				CLANG_WARN_BOOL_CONVERSION = YES;
				CLANG_WARN_COMMA = YES;
				CLANG_WARN_CONSTANT_CONVERSION = YES;
				CLANG_WARN_DEPRECATED_OBJC_IMPLEMENTATIONS = YES;
				CLANG_WARN_DIRECT_OBJC_ISA_USAGE = YES_ERROR;
				CLANG_WARN_DOCUMENTATION_COMMENTS = YES;
				CLANG_WARN_EMPTY_BODY = YES;
				CLANG_WARN_ENUM_CONVERSION = YES;
				CLANG_WARN_INFINITE_RECURSION = YES;
				CLANG_WARN_INT_CONVERSION = YES;
				CLANG_WARN_NON_LITERAL_NULL_CONVERSION = YES;
				CLANG_WARN_OBJC_IMPLICIT_RETAIN_SELF = YES;
				CLANG_WARN_OBJC_LITERAL_CONVERSION = YES;
				CLANG_WARN_OBJC_ROOT_CLASS = YES_ERROR;
				CLANG_WARN_QUOTED_INCLUDE_IN_FRAMEWORK_HEADER = YES;
				CLANG_WARN_RANGE_LOOP_ANALYSIS = YES;
				CLANG_WARN_STRICT_PROTOTYPES = YES;
				CLANG_WARN_SUSPICIOUS_MOVE = YES;
				CLANG_WARN_UNGUARDED_AVAILABILITY = YES_AGGRESSIVE;
				CLANG_WARN_UNREACHABLE_CODE = YES;
				CLANG_WARN__DUPLICATE_METHOD_MATCH = YES;
				COPY_PHASE_STRIP = NO;
				DEBUG_INFORMATION_FORMAT = dwarf;
				ENABLE_STRICT_OBJC_MSGSEND = YES;
				ENABLE_TESTABILITY = YES;
				GCC_C_LANGUAGE_STANDARD = gnu11;
				GCC_DYNAMIC_NO_PIC = NO;
				GCC_NO_COMMON_BLOCKS = YES;
				GCC_OPTIMIZATION_LEVEL = 0;
				GCC_PREPROCESSOR_DEFINITIONS = (
					"DEBUG=1",
					"$(inherited)",
				);
				GCC_WARN_64_TO_32_BIT_CONVERSION = YES;
				GCC_WARN_ABOUT_RETURN_TYPE = YES_ERROR;
				GCC_WARN_UNDECLARED_SELECTOR = YES;
				GCC_WARN_UNINITIALIZED_AUTOS = YES_AGGRESSIVE;
				GCC_WARN_UNUSED_FUNCTION = YES;
				GCC_WARN_UNUSED_VARIABLE = YES;
				IPHONEOS_DEPLOYMENT_TARGET = 15.4;
				MTL_ENABLE_DEBUG_INFO = INCLUDE_SOURCE;
				MTL_FAST_MATH = YES;
				ONLY_ACTIVE_ARCH = YES;
				SDKROOT = iphoneos;
				SWIFT_ACTIVE_COMPILATION_CONDITIONS = DEBUG;
				SWIFT_OPTIMIZATION_LEVEL = "-Onone";
			};
			name = Debug;
		};
		3FDA496728FA3EAF0009F397 /* Release */ = {
			isa = XCBuildConfiguration;
			buildSettings = {
				ALWAYS_SEARCH_USER_PATHS = NO;
				CLANG_ANALYZER_NONNULL = YES;
				CLANG_ANALYZER_NUMBER_OBJECT_CONVERSION = YES_AGGRESSIVE;
				CLANG_CXX_LANGUAGE_STANDARD = "gnu++17";
				CLANG_ENABLE_MODULES = YES;
				CLANG_ENABLE_OBJC_ARC = YES;
				CLANG_ENABLE_OBJC_WEAK = YES;
				CLANG_WARN_BLOCK_CAPTURE_AUTORELEASING = YES;
				CLANG_WARN_BOOL_CONVERSION = YES;
				CLANG_WARN_COMMA = YES;
				CLANG_WARN_CONSTANT_CONVERSION = YES;
				CLANG_WARN_DEPRECATED_OBJC_IMPLEMENTATIONS = YES;
				CLANG_WARN_DIRECT_OBJC_ISA_USAGE = YES_ERROR;
				CLANG_WARN_DOCUMENTATION_COMMENTS = YES;
				CLANG_WARN_EMPTY_BODY = YES;
				CLANG_WARN_ENUM_CONVERSION = YES;
				CLANG_WARN_INFINITE_RECURSION = YES;
				CLANG_WARN_INT_CONVERSION = YES;
				CLANG_WARN_NON_LITERAL_NULL_CONVERSION = YES;
				CLANG_WARN_OBJC_IMPLICIT_RETAIN_SELF = YES;
				CLANG_WARN_OBJC_LITERAL_CONVERSION = YES;
				CLANG_WARN_OBJC_ROOT_CLASS = YES_ERROR;
				CLANG_WARN_QUOTED_INCLUDE_IN_FRAMEWORK_HEADER = YES;
				CLANG_WARN_RANGE_LOOP_ANALYSIS = YES;
				CLANG_WARN_STRICT_PROTOTYPES = YES;
				CLANG_WARN_SUSPICIOUS_MOVE = YES;
				CLANG_WARN_UNGUARDED_AVAILABILITY = YES_AGGRESSIVE;
				CLANG_WARN_UNREACHABLE_CODE = YES;
				CLANG_WARN__DUPLICATE_METHOD_MATCH = YES;
				COPY_PHASE_STRIP = NO;
				DEBUG_INFORMATION_FORMAT = "dwarf-with-dsym";
				ENABLE_NS_ASSERTIONS = NO;
				ENABLE_STRICT_OBJC_MSGSEND = YES;
				GCC_C_LANGUAGE_STANDARD = gnu11;
				GCC_NO_COMMON_BLOCKS = YES;
				GCC_WARN_64_TO_32_BIT_CONVERSION = YES;
				GCC_WARN_ABOUT_RETURN_TYPE = YES_ERROR;
				GCC_WARN_UNDECLARED_SELECTOR = YES;
				GCC_WARN_UNINITIALIZED_AUTOS = YES_AGGRESSIVE;
				GCC_WARN_UNUSED_FUNCTION = YES;
				GCC_WARN_UNUSED_VARIABLE = YES;
				IPHONEOS_DEPLOYMENT_TARGET = 15.4;
				MTL_ENABLE_DEBUG_INFO = NO;
				MTL_FAST_MATH = YES;
				SDKROOT = iphoneos;
				SWIFT_COMPILATION_MODE = wholemodule;
				SWIFT_OPTIMIZATION_LEVEL = "-O";
				VALIDATE_PRODUCT = YES;
			};
			name = Release;
		};
		3FDA496928FA3EAF0009F397 /* Debug */ = {
			isa = XCBuildConfiguration;
			buildSettings = {
				ASSETCATALOG_COMPILER_APPICON_NAME = AppIcon;
				ASSETCATALOG_COMPILER_GLOBAL_ACCENT_COLOR_NAME = AccentColor;
				CODE_SIGN_STYLE = Automatic;
				CURRENT_PROJECT_VERSION = 1;
				GENERATE_INFOPLIST_FILE = YES;
				INFOPLIST_FILE = Assignment1/Info.plist;
				INFOPLIST_KEY_UIApplicationSupportsIndirectInputEvents = YES;
				INFOPLIST_KEY_UILaunchStoryboardName = LaunchScreen;
				INFOPLIST_KEY_UIMainStoryboardFile = Main;
				INFOPLIST_KEY_UISupportedInterfaceOrientations_iPad = "UIInterfaceOrientationPortrait UIInterfaceOrientationPortraitUpsideDown UIInterfaceOrientationLandscapeLeft UIInterfaceOrientationLandscapeRight";
				INFOPLIST_KEY_UISupportedInterfaceOrientations_iPhone = "UIInterfaceOrientationPortrait UIInterfaceOrientationLandscapeLeft UIInterfaceOrientationLandscapeRight";
				LD_RUNPATH_SEARCH_PATHS = (
					"$(inherited)",
					"@executable_path/Frameworks",
				);
				MARKETING_VERSION = 1.0;
				PRODUCT_BUNDLE_IDENTIFIER = "-.Assignment1";
				PRODUCT_NAME = "$(TARGET_NAME)";
				SWIFT_EMIT_LOC_STRINGS = YES;
				SWIFT_VERSION = 5.0;
				TARGETED_DEVICE_FAMILY = "1,2";
			};
			name = Debug;
		};
		3FDA496A28FA3EAF0009F397 /* Release */ = {
			isa = XCBuildConfiguration;
			buildSettings = {
				ASSETCATALOG_COMPILER_APPICON_NAME = AppIcon;
				ASSETCATALOG_COMPILER_GLOBAL_ACCENT_COLOR_NAME = AccentColor;
				CODE_SIGN_STYLE = Automatic;
				CURRENT_PROJECT_VERSION = 1;
				GENERATE_INFOPLIST_FILE = YES;
				INFOPLIST_FILE = Assignment1/Info.plist;
				INFOPLIST_KEY_UIApplicationSupportsIndirectInputEvents = YES;
				INFOPLIST_KEY_UILaunchStoryboardName = LaunchScreen;
				INFOPLIST_KEY_UIMainStoryboardFile = Main;
				INFOPLIST_KEY_UISupportedInterfaceOrientations_iPad = "UIInterfaceOrientationPortrait UIInterfaceOrientationPortraitUpsideDown UIInterfaceOrientationLandscapeLeft UIInterfaceOrientationLandscapeRight";
				INFOPLIST_KEY_UISupportedInterfaceOrientations_iPhone = "UIInterfaceOrientationPortrait UIInterfaceOrientationLandscapeLeft UIInterfaceOrientationLandscapeRight";
				LD_RUNPATH_SEARCH_PATHS = (
					"$(inherited)",
					"@executable_path/Frameworks",
				);
				MARKETING_VERSION = 1.0;
				PRODUCT_BUNDLE_IDENTIFIER = "-.Assignment1";
				PRODUCT_NAME = "$(TARGET_NAME)";
				SWIFT_EMIT_LOC_STRINGS = YES;
				SWIFT_VERSION = 5.0;
				TARGETED_DEVICE_FAMILY = "1,2";
			};
			name = Release;
		};
		3FDA496C28FA3EAF0009F397 /* Debug */ = {
			isa = XCBuildConfiguration;
			buildSettings = {
				ALWAYS_EMBED_SWIFT_STANDARD_LIBRARIES = YES;
				BUNDLE_LOADER = "$(TEST_HOST)";
				CODE_SIGN_STYLE = Automatic;
				CURRENT_PROJECT_VERSION = 1;
				GENERATE_INFOPLIST_FILE = YES;
				IPHONEOS_DEPLOYMENT_TARGET = 15.4;
				MARKETING_VERSION = 1.0;
				PRODUCT_BUNDLE_IDENTIFIER = "-.Assignment1Tests";
				PRODUCT_NAME = "$(TARGET_NAME)";
				SWIFT_EMIT_LOC_STRINGS = NO;
				SWIFT_VERSION = 5.0;
				TARGETED_DEVICE_FAMILY = "1,2";
				TEST_HOST = "$(BUILT_PRODUCTS_DIR)/Assignment1.app/Assignment1";
			};
			name = Debug;
		};
		3FDA496D28FA3EAF0009F397 /* Release */ = {
			isa = XCBuildConfiguration;
			buildSettings = {
				ALWAYS_EMBED_SWIFT_STANDARD_LIBRARIES = YES;
				BUNDLE_LOADER = "$(TEST_HOST)";
				CODE_SIGN_STYLE = Automatic;
				CURRENT_PROJECT_VERSION = 1;
				GENERATE_INFOPLIST_FILE = YES;
				IPHONEOS_DEPLOYMENT_TARGET = 15.4;
				MARKETING_VERSION = 1.0;
				PRODUCT_BUNDLE_IDENTIFIER = "-.Assignment1Tests";
				PRODUCT_NAME = "$(TARGET_NAME)";
				SWIFT_EMIT_LOC_STRINGS = NO;
				SWIFT_VERSION = 5.0;
				TARGETED_DEVICE_FAMILY = "1,2";
				TEST_HOST = "$(BUILT_PRODUCTS_DIR)/Assignment1.app/Assignment1";
			};
			name = Release;
		};
		3FDA496F28FA3EAF0009F397 /* Debug */ = {
			isa = XCBuildConfiguration;
			buildSettings = {
				ALWAYS_EMBED_SWIFT_STANDARD_LIBRARIES = YES;
				CODE_SIGN_STYLE = Automatic;
				CURRENT_PROJECT_VERSION = 1;
				GENERATE_INFOPLIST_FILE = YES;
				MARKETING_VERSION = 1.0;
				PRODUCT_BUNDLE_IDENTIFIER = "-.Assignment1UITests";
				PRODUCT_NAME = "$(TARGET_NAME)";
				SWIFT_EMIT_LOC_STRINGS = NO;
				SWIFT_VERSION = 5.0;
				TARGETED_DEVICE_FAMILY = "1,2";
				TEST_TARGET_NAME = Assignment1;
			};
			name = Debug;
		};
		3FDA497028FA3EAF0009F397 /* Release */ = {
			isa = XCBuildConfiguration;
			buildSettings = {
				ALWAYS_EMBED_SWIFT_STANDARD_LIBRARIES = YES;
				CODE_SIGN_STYLE = Automatic;
				CURRENT_PROJECT_VERSION = 1;
				GENERATE_INFOPLIST_FILE = YES;
				MARKETING_VERSION = 1.0;
				PRODUCT_BUNDLE_IDENTIFIER = "-.Assignment1UITests";
				PRODUCT_NAME = "$(TARGET_NAME)";
				SWIFT_EMIT_LOC_STRINGS = NO;
				SWIFT_VERSION = 5.0;
				TARGETED_DEVICE_FAMILY = "1,2";
				TEST_TARGET_NAME = Assignment1;
			};
			name = Release;
		};
/* End XCBuildConfiguration section */

/* Begin XCConfigurationList section */
		3FDA493928FA3EAC0009F397 /* Build configuration list for PBXProject "Assignment1" */ = {
			isa = XCConfigurationList;
			buildConfigurations = (
				3FDA496628FA3EAF0009F397 /* Debug */,
				3FDA496728FA3EAF0009F397 /* Release */,
			);
			defaultConfigurationIsVisible = 0;
			defaultConfigurationName = Release;
		};
		3FDA496828FA3EAF0009F397 /* Build configuration list for PBXNativeTarget "Assignment1" */ = {
			isa = XCConfigurationList;
			buildConfigurations = (
				3FDA496928FA3EAF0009F397 /* Debug */,
				3FDA496A28FA3EAF0009F397 /* Release */,
			);
			defaultConfigurationIsVisible = 0;
			defaultConfigurationName = Release;
		};
		3FDA496B28FA3EAF0009F397 /* Build configuration list for PBXNativeTarget "Assignment1Tests" */ = {
			isa = XCConfigurationList;
			buildConfigurations = (
				3FDA496C28FA3EAF0009F397 /* Debug */,
				3FDA496D28FA3EAF0009F397 /* Release */,
			);
			defaultConfigurationIsVisible = 0;
			defaultConfigurationName = Release;
		};
		3FDA496E28FA3EAF0009F397 /* Build configuration list for PBXNativeTarget "Assignment1UITests" */ = {
			isa = XCConfigurationList;
			buildConfigurations = (
				3FDA496F28FA3EAF0009F397 /* Debug */,
				3FDA497028FA3EAF0009F397 /* Release */,
			);
			defaultConfigurationIsVisible = 0;
			defaultConfigurationName = Release;
		};
/* End XCConfigurationList section */
	};
	rootObject = 3FDA493628FA3EAC0009F397 /* Project object */;
}
